
Microsoft Visual Studio Solution File, Format Version 12.00
# Visual Studio Version 16
VisualStudioVersion = 16.0.29519.87
MinimumVisualStudioVersion = 10.0.40219.1
Project("{FAE04EC0-301F-11D3-BF4B-00C04F79EFBC}") = "MS_WallysWonderfulWorldOfWalldressings", "MS_WallysWonderfulWorldOfWalldressings\MS_WallysWonderfulWorldOfWalldressings.csproj", "{AAE59AA3-740C-483A-B5DB-6DB3034CB9FA}"
EndProject
Global
	GlobalSection(SolutionConfigurationPlatforms) = preSolution
		Debug|Any CPU = Debug|Any CPU
		Release|Any CPU = Release|Any CPU
	EndGlobalSection
	GlobalSection(ProjectConfigurationPlatforms) = postSolution
		{AAE59AA3-740C-483A-B5DB-6DB3034CB9FA}.Debug|Any CPU.ActiveCfg = Debug|Any CPU
		{AAE59AA3-740C-483A-B5DB-6DB3034CB9FA}.Debug|Any CPU.Build.0 = Debug|Any CPU
		{AAE59AA3-740C-483A-B5DB-6DB3034CB9FA}.Release|Any CPU.ActiveCfg = Release|Any CPU
		{AAE59AA3-740C-483A-B5DB-6DB3034CB9FA}.Release|Any CPU.Build.0 = Release|Any CPU
	EndGlobalSection
	GlobalSection(SolutionProperties) = preSolution
		HideSolutionNode = FALSE
	EndGlobalSection
	GlobalSection(ExtensibilityGlobals) = postSolution
		SolutionGuid = {BBEDB78C-B924-4E8F-8D27-DFB8FC40240F}
	EndGlobalSection
EndGlobal
